
Microsoft Visual Studio Solution File, Format Version 12.00
# Visual Studio 2012
Project("{FAE04EC0-301F-11D3-BF4B-00C04F79EFBC}") = "GeneralUi", "GeneralUi\GeneralUi.csproj", "{7E3C1CCE-16D9-457B-B63C-FE43A6FCEE3B}"
EndProject
Project("{FAE04EC0-301F-11D3-BF4B-00C04F79EFBC}") = "ShortenUri", "ShortenUri\ShortenUri.csproj", "{47CC7254-4BDD-4B94-8874-AA6E446CF08C}"
EndProject
Global
	GlobalSection(SolutionConfigurationPlatforms) = preSolution
		Debug|Any CPU = Debug|Any CPU
		Release|Any CPU = Release|Any CPU
	EndGlobalSection
	GlobalSection(ProjectConfigurationPlatforms) = postSolution
		{7E3C1CCE-16D9-457B-B63C-FE43A6FCEE3B}.Debug|Any CPU.ActiveCfg = Debug|Any CPU
		{7E3C1CCE-16D9-457B-B63C-FE43A6FCEE3B}.Debug|Any CPU.Build.0 = Debug|Any CPU
		{7E3C1CCE-16D9-457B-B63C-FE43A6FCEE3B}.Release|Any CPU.ActiveCfg = Release|Any CPU
		{7E3C1CCE-16D9-457B-B63C-FE43A6FCEE3B}.Release|Any CPU.Build.0 = Release|Any CPU
		{47CC7254-4BDD-4B94-8874-AA6E446CF08C}.Debug|Any CPU.ActiveCfg = Debug|Any CPU
		{47CC7254-4BDD-4B94-8874-AA6E446CF08C}.Debug|Any CPU.Build.0 = Debug|Any CPU
		{47CC7254-4BDD-4B94-8874-AA6E446CF08C}.Release|Any CPU.ActiveCfg = Release|Any CPU
		{47CC7254-4BDD-4B94-8874-AA6E446CF08C}.Release|Any CPU.Build.0 = Release|Any CPU
	EndGlobalSection
	GlobalSection(SolutionProperties) = preSolution
		HideSolutionNode = FALSE
	EndGlobalSection
EndGlobal
